// !$*UTF8*$!
{
	archiveVersion = 1;
	classes = {
	};
	objectVersion = 77;
	objects = {

/* Begin PBXBuildFile section */
		4CFB54C226B1CF2663401BCE /* Assets.xcassets in Resources */ = {isa = PBXBuildFile; fileRef = 11C2600FBE18C40B488C16C5 /* Assets.xcassets */; };
		6ADFEB6FD7A894732A5190F5 /* WattApp.swift in Sources */ = {isa = PBXBuildFile; fileRef = 30BFAFE54BBFE4DBC8B49123 /* WattApp.swift */; };
		FBAA0149A257A6BA9C85BBE3 /* WattCore in Frameworks */ = {isa = PBXBuildFile; productRef = 8C13F84BBA5E8B06D35AE312 /* WattCore */; };
/* End PBXBuildFile section */

/* Begin PBXFileReference section */
		11C2600FBE18C40B488C16C5 /* Assets.xcassets */ = {isa = PBXFileReference; lastKnownFileType = folder.assetcatalog; path = Assets.xcassets; sourceTree = "<group>"; };
		30BFAFE54BBFE4DBC8B49123 /* WattApp.swift */ = {isa = PBXFileReference; lastKnownFileType = sourcecode.swift; path = WattApp.swift; sourceTree = "<group>"; };
		861EE81C979EBB31A68D0E71 /* WattCore */ = {isa = PBXFileReference; lastKnownFileType = folder; name = WattCore; path = WattCore; sourceTree = SOURCE_ROOT; };
		908FF008D5E578D4E8051FC3 /* Watt.app */ = {isa = PBXFileReference; explicitFileType = wrapper.application; includeInIndex = 0; path = Watt.app; sourceTree = BUILT_PRODUCTS_DIR; };
		9E731284F3D765EF9C791147 /* Watt.entitlements */ = {isa = PBXFileReference; lastKnownFileType = text.plist.entitlements; path = Watt.entitlements; sourceTree = "<group>"; };
		D4EC5CD7EB446BE14307A397 /* Info.plist */ = {isa = PBXFileReference; lastKnownFileType = text.plist; path = Info.plist; sourceTree = "<group>"; };
/* End PBXFileReference section */

/* Begin PBXFrameworksBuildPhase section */
		302084BC301FF37CA79B7205 /* Frameworks */ = {
			isa = PBXFrameworksBuildPhase;
			buildActionMask = 2147483647;
			files = (
				FBAA0149A257A6BA9C85BBE3 /* WattCore in Frameworks */,
			);
			runOnlyForDeploymentPostprocessing = 0;
		};
/* End PBXFrameworksBuildPhase section */

/* Begin PBXGroup section */
		304C73747A80285643248070 /* Packages */ = {
			isa = PBXGroup;
			children = (
				861EE81C979EBB31A68D0E71 /* WattCore */,
			);
			name = Packages;
			sourceTree = "<group>";
		};
		5B5228005C73F0C07A8419B9 = {
			isa = PBXGroup;
			children = (
				304C73747A80285643248070 /* Packages */,
				8A873A53D59C57FE0C6F37AD /* Watt */,
				AD71DC9513FCF469A640AAC3 /* Products */,
			);
			sourceTree = "<group>";
		};
		8A873A53D59C57FE0C6F37AD /* Watt */ = {
			isa = PBXGroup;
			children = (
				11C2600FBE18C40B488C16C5 /* Assets.xcassets */,
				D4EC5CD7EB446BE14307A397 /* Info.plist */,
				9E731284F3D765EF9C791147 /* Watt.entitlements */,
				30BFAFE54BBFE4DBC8B49123 /* WattApp.swift */,
			);
			path = Watt;
			sourceTree = "<group>";
		};
		AD71DC9513FCF469A640AAC3 /* Products */ = {
			isa = PBXGroup;
			children = (
				908FF008D5E578D4E8051FC3 /* Watt.app */,
			);
			name = Products;
			sourceTree = "<group>";
		};
/* End PBXGroup section */

/* Begin PBXNativeTarget section */
		41BABFD0A42F3FF1DFEBBB1D /* Watt */ = {
			isa = PBXNativeTarget;
			buildConfigurationList = 0BB3BF111418899D176804B9 /* Build configuration list for PBXNativeTarget "Watt" */;
			buildPhases = (
				1817D82505829701838ABFB1 /* Sources */,
				8CAB6217E736770CFB149DD0 /* Resources */,
				302084BC301FF37CA79B7205 /* Frameworks */,
			);
			buildRules = (
			);
			dependencies = (
			);
			name = Watt;
			packageProductDependencies = (
				8C13F84BBA5E8B06D35AE312 /* WattCore */,
			);
			productName = Watt;
			productReference = 908FF008D5E578D4E8051FC3 /* Watt.app */;
			productType = "com.apple.product-type.application";
		};
/* End PBXNativeTarget section */

/* Begin PBXProject section */
		FCC062B85B125EBEC8858488 /* Project object */ = {
			isa = PBXProject;
			attributes = {
				BuildIndependentTargetsInParallel = YES;
				LastUpgradeCheck = 1430;
				TargetAttributes = {
					41BABFD0A42F3FF1DFEBBB1D = {
						DevelopmentTeam = 9D8XP85393;
						ProvisioningStyle = Automatic;
					};
				};
			};
			buildConfigurationList = 99CB7C75B9DE110A2E298E0B /* Build configuration list for PBXProject "Watt" */;
			developmentRegion = en;
			hasScannedForEncodings = 0;
			knownRegions = (
				Base,
				en,
			);
			mainGroup = 5B5228005C73F0C07A8419B9;
			minimizedProjectReferenceProxies = 1;
			packageReferences = (
				72227E8E4080728CA3DE1221 /* XCLocalSwiftPackageReference "WattCore" */,
			);
			preferredProjectObjectVersion = 77;
			productRefGroup = AD71DC9513FCF469A640AAC3 /* Products */;
			projectDirPath = "";
			projectRoot = "";
			targets = (
				41BABFD0A42F3FF1DFEBBB1D /* Watt */,
			);
		};
/* End PBXProject section */

/* Begin PBXResourcesBuildPhase section */
		8CAB6217E736770CFB149DD0 /* Resources */ = {
			isa = PBXResourcesBuildPhase;
			buildActionMask = 2147483647;
			files = (
				4CFB54C226B1CF2663401BCE /* Assets.xcassets in Resources */,
			);
			runOnlyForDeploymentPostprocessing = 0;
		};
/* End PBXResourcesBuildPhase section */

/* Begin PBXSourcesBuildPhase section */
		1817D82505829701838ABFB1 /* Sources */ = {
			isa = PBXSourcesBuildPhase;
			buildActionMask = 2147483647;
			files = (
				6ADFEB6FD7A894732A5190F5 /* WattApp.swift in Sources */,
			);
			runOnlyForDeploymentPostprocessing = 0;
		};
/* End PBXSourcesBuildPhase section */

/* Begin XCBuildConfiguration section */
		4141709658CE2814D8301FF2 /* Release */ = {
			isa = XCBuildConfiguration;
			buildSettings = {
				ALWAYS_SEARCH_USER_PATHS = NO;
				CLANG_ANALYZER_NONNULL = YES;
				CLANG_ANALYZER_NUMBER_OBJECT_CONVERSION = YES_AGGRESSIVE;
				CLANG_CXX_LANGUAGE_STANDARD = "gnu++14";
				CLANG_CXX_LIBRARY = "libc++";
				CLANG_ENABLE_MODULES = YES;
				CLANG_ENABLE_OBJC_ARC = YES;
				CLANG_ENABLE_OBJC_WEAK = YES;
				CLANG_WARN_BLOCK_CAPTURE_AUTORELEASING = YES;
				CLANG_WARN_BOOL_CONVERSION = YES;
				CLANG_WARN_COMMA = YES;
				CLANG_WARN_CONSTANT_CONVERSION = YES;
				CLANG_WARN_DEPRECATED_OBJC_IMPLEMENTATIONS = YES;
				CLANG_WARN_DIRECT_OBJC_ISA_USAGE = YES_ERROR;
				CLANG_WARN_DOCUMENTATION_COMMENTS = YES;
				CLANG_WARN_EMPTY_BODY = YES;
				CLANG_WARN_ENUM_CONVERSION = YES;
				CLANG_WARN_INFINITE_RECURSION = YES;
				CLANG_WARN_INT_CONVERSION = YES;
				CLANG_WARN_NON_LITERAL_NULL_CONVERSION = YES;
				CLANG_WARN_OBJC_IMPLICIT_RETAIN_SELF = YES;
				CLANG_WARN_OBJC_LITERAL_CONVERSION = YES;
				CLANG_WARN_OBJC_ROOT_CLASS = YES_ERROR;
				CLANG_WARN_QUOTED_INCLUDE_IN_FRAMEWORK_HEADER = YES;
				CLANG_WARN_RANGE_LOOP_ANALYSIS = YES;
				CLANG_WARN_STRICT_PROTOTYPES = YES;
				CLANG_WARN_SUSPICIOUS_MOVE = YES;
				CLANG_WARN_UNGUARDED_AVAILABILITY = YES_AGGRESSIVE;
				CLANG_WARN_UNREACHABLE_CODE = YES;
				CLANG_WARN__DUPLICATE_METHOD_MATCH = YES;
				COPY_PHASE_STRIP = NO;
				DEAD_CODE_STRIPPING = YES;
				DEBUG_INFORMATION_FORMAT = "dwarf-with-dsym";
				DEVELOPMENT_TEAM = 9D8XP85393;
				ENABLE_HARDENED_RUNTIME = YES;
				ENABLE_NS_ASSERTIONS = NO;
				ENABLE_STRICT_OBJC_MSGSEND = YES;
				GCC_C_LANGUAGE_STANDARD = gnu11;
				GCC_NO_COMMON_BLOCKS = YES;
				GCC_WARN_64_TO_32_BIT_CONVERSION = YES;
				GCC_WARN_ABOUT_RETURN_TYPE = YES_ERROR;
				GCC_WARN_UNDECLARED_SELECTOR = YES;
				GCC_WARN_UNINITIALIZED_AUTOS = YES_AGGRESSIVE;
				GCC_WARN_UNUSED_FUNCTION = YES;
				GCC_WARN_UNUSED_VARIABLE = YES;
				MACOSX_DEPLOYMENT_TARGET = 26.0;
				MTL_ENABLE_DEBUG_INFO = NO;
				MTL_FAST_MATH = YES;
				OTHER_SWIFT_FLAGS = "$(inherited)";
				PRODUCT_NAME = "$(TARGET_NAME)";
				SDKROOT = macosx;
				SWIFT_COMPILATION_MODE = wholemodule;
				SWIFT_OPTIMIZATION_LEVEL = "-O";
				SWIFT_STRICT_CONCURRENCY = complete;
				SWIFT_VERSION = 6.0;
			};
			name = Release;
		};
		5EEC6C24CB4B1616C5EDA9D8 /* Release */ = {
			isa = XCBuildConfiguration;
			buildSettings = {
				ASSETCATALOG_COMPILER_APPICON_NAME = AppIcon;
				CODE_SIGN_ENTITLEMENTS = Watt/Watt.entitlements;
				CODE_SIGN_STYLE = Automatic;
				COMBINE_HIDPI_IMAGES = YES;
				ENABLE_HARDENED_RUNTIME = YES;
				ENABLE_USER_SCRIPT_SANDBOXING = NO;
				INFOPLIST_FILE = Watt/Info.plist;
				LD_RUNPATH_SEARCH_PATHS = "@executable_path/../Frameworks";
				PRODUCT_BUNDLE_IDENTIFIER = com.grahamgilbert.watt;
				PRODUCT_NAME = Watt;
				SDKROOT = macosx;
				SWIFT_VERSION = 6.0;
			};
			name = Release;
		};
		C65C3AA9342C65E55B8C453B /* Debug */ = {
			isa = XCBuildConfiguration;
			buildSettings = {
				ALWAYS_SEARCH_USER_PATHS = NO;
				CLANG_ANALYZER_NONNULL = YES;
				CLANG_ANALYZER_NUMBER_OBJECT_CONVERSION = YES_AGGRESSIVE;
				CLANG_CXX_LANGUAGE_STANDARD = "gnu++14";
				CLANG_CXX_LIBRARY = "libc++";
				CLANG_ENABLE_MODULES = YES;
				CLANG_ENABLE_OBJC_ARC = YES;
				CLANG_ENABLE_OBJC_WEAK = YES;
				CLANG_WARN_BLOCK_CAPTURE_AUTORELEASING = YES;
				CLANG_WARN_BOOL_CONVERSION = YES;
				CLANG_WARN_COMMA = YES;
				CLANG_WARN_CONSTANT_CONVERSION = YES;
				CLANG_WARN_DEPRECATED_OBJC_IMPLEMENTATIONS = YES;
				CLANG_WARN_DIRECT_OBJC_ISA_USAGE = YES_ERROR;
				CLANG_WARN_DOCUMENTATION_COMMENTS = YES;
				CLANG_WARN_EMPTY_BODY = YES;
				CLANG_WARN_ENUM_CONVERSION = YES;
				CLANG_WARN_INFINITE_RECURSION = YES;
				CLANG_WARN_INT_CONVERSION = YES;
				CLANG_WARN_NON_LITERAL_NULL_CONVERSION = YES;
				CLANG_WARN_OBJC_IMPLICIT_RETAIN_SELF = YES;
				CLANG_WARN_OBJC_LITERAL_CONVERSION = YES;
				CLANG_WARN_OBJC_ROOT_CLASS = YES_ERROR;
				CLANG_WARN_QUOTED_INCLUDE_IN_FRAMEWORK_HEADER = YES;
				CLANG_WARN_RANGE_LOOP_ANALYSIS = YES;
				CLANG_WARN_STRICT_PROTOTYPES = YES;
				CLANG_WARN_SUSPICIOUS_MOVE = YES;
				CLANG_WARN_UNGUARDED_AVAILABILITY = YES_AGGRESSIVE;
				CLANG_WARN_UNREACHABLE_CODE = YES;
				CLANG_WARN__DUPLICATE_METHOD_MATCH = YES;
				COPY_PHASE_STRIP = NO;
				DEAD_CODE_STRIPPING = YES;
				DEBUG_INFORMATION_FORMAT = dwarf;
				DEVELOPMENT_TEAM = 9D8XP85393;
				ENABLE_HARDENED_RUNTIME = YES;
				ENABLE_STRICT_OBJC_MSGSEND = YES;
				ENABLE_TESTABILITY = YES;
				GCC_C_LANGUAGE_STANDARD = gnu11;
				GCC_DYNAMIC_NO_PIC = NO;
				GCC_NO_COMMON_BLOCKS = YES;
				GCC_OPTIMIZATION_LEVEL = 0;
				GCC_PREPROCESSOR_DEFINITIONS = (
					"$(inherited)",
					"DEBUG=1",
				);
				GCC_WARN_64_TO_32_BIT_CONVERSION = YES;
				GCC_WARN_ABOUT_RETURN_TYPE = YES_ERROR;
				GCC_WARN_UNDECLARED_SELECTOR = YES;
				GCC_WARN_UNINITIALIZED_AUTOS = YES_AGGRESSIVE;
				GCC_WARN_UNUSED_FUNCTION = YES;
				GCC_WARN_UNUSED_VARIABLE = YES;
				MACOSX_DEPLOYMENT_TARGET = 26.0;
				MTL_ENABLE_DEBUG_INFO = INCLUDE_SOURCE;
				MTL_FAST_MATH = YES;
				ONLY_ACTIVE_ARCH = YES;
				OTHER_SWIFT_FLAGS = "$(inherited)";
				PRODUCT_NAME = "$(TARGET_NAME)";
				SDKROOT = macosx;
				SWIFT_ACTIVE_COMPILATION_CONDITIONS = DEBUG;
				SWIFT_OPTIMIZATION_LEVEL = "-Onone";
				SWIFT_STRICT_CONCURRENCY = complete;
				SWIFT_VERSION = 6.0;
			};
			name = Debug;
		};
		CF64C6E17C3B7F4554BA66C2 /* Debug */ = {
			isa = XCBuildConfiguration;
			buildSettings = {
				ASSETCATALOG_COMPILER_APPICON_NAME = AppIcon;
				CODE_SIGN_ENTITLEMENTS = Watt/Watt.entitlements;
				CODE_SIGN_STYLE = Automatic;
				COMBINE_HIDPI_IMAGES = YES;
				ENABLE_HARDENED_RUNTIME = YES;
				ENABLE_USER_SCRIPT_SANDBOXING = NO;
				INFOPLIST_FILE = Watt/Info.plist;
				LD_RUNPATH_SEARCH_PATHS = "@executable_path/../Frameworks";
				PRODUCT_BUNDLE_IDENTIFIER = com.grahamgilbert.watt;
				PRODUCT_NAME = Watt;
				SDKROOT = macosx;
				SWIFT_VERSION = 6.0;
			};
			name = Debug;
		};
/* End XCBuildConfiguration section */

/* Begin XCConfigurationList section */
		0BB3BF111418899D176804B9 /* Build configuration list for PBXNativeTarget "Watt" */ = {
			isa = XCConfigurationList;
			buildConfigurations = (
				CF64C6E17C3B7F4554BA66C2 /* Debug */,
				5EEC6C24CB4B1616C5EDA9D8 /* Release */,
			);
			defaultConfigurationIsVisible = 0;
			defaultConfigurationName = Debug;
		};
		99CB7C75B9DE110A2E298E0B /* Build configuration list for PBXProject "Watt" */ = {
			isa = XCConfigurationList;
			buildConfigurations = (
				C65C3AA9342C65E55B8C453B /* Debug */,
				4141709658CE2814D8301FF2 /* Release */,
			);
			defaultConfigurationIsVisible = 0;
			defaultConfigurationName = Debug;
		};
/* End XCConfigurationList section */

/* Begin XCLocalSwiftPackageReference section */
		72227E8E4080728CA3DE1221 /* XCLocalSwiftPackageReference "WattCore" */ = {
			isa = XCLocalSwiftPackageReference;
			relativePath = WattCore;
		};
/* End XCLocalSwiftPackageReference section */

/* Begin XCSwiftPackageProductDependency section */
		8C13F84BBA5E8B06D35AE312 /* WattCore */ = {
			isa = XCSwiftPackageProductDependency;
			productName = WattCore;
		};
/* End XCSwiftPackageProductDependency section */
	};
	rootObject = FCC062B85B125EBEC8858488 /* Project object */;
}
